
Microsoft Visual Studio Solution File, Format Version 12.00
# Visual Studio Version 17
VisualStudioVersion = 17.0.32014.148
MinimumVisualStudioVersion = 10.0.40219.1
Project("{FAE04EC0-301F-11D3-BF4B-00C04F79EFBC}") = "hunt-stats-tracker", "hunt-stats-tracker\hunt-stats-tracker.csproj", "{2604923A-7277-4A5C-A1B6-957490EB8103}"
EndProject
Global
	GlobalSection(SolutionConfigurationPlatforms) = preSolution
		Debug|Any CPU = Debug|Any CPU
		Release|Any CPU = Release|Any CPU
	EndGlobalSection
	GlobalSection(ProjectConfigurationPlatforms) = postSolution
		{2604923A-7277-4A5C-A1B6-957490EB8103}.Debug|Any CPU.ActiveCfg = Debug|Any CPU
		{2604923A-7277-4A5C-A1B6-957490EB8103}.Debug|Any CPU.Build.0 = Debug|Any CPU
		{2604923A-7277-4A5C-A1B6-957490EB8103}.Release|Any CPU.ActiveCfg = Release|Any CPU
		{2604923A-7277-4A5C-A1B6-957490EB8103}.Release|Any CPU.Build.0 = Release|Any CPU
	EndGlobalSection
	GlobalSection(SolutionProperties) = preSolution
		HideSolutionNode = FALSE
	EndGlobalSection
	GlobalSection(ExtensibilityGlobals) = postSolution
		SolutionGuid = {BB9E4B56-A308-4912-8176-019C2B89764C}
	EndGlobalSection
EndGlobal
